
Microsoft Visual Studio Solution File, Format Version 12.00
# Visual Studio 15
VisualStudioVersion = 15.0.27428.2002
MinimumVisualStudioVersion = 10.0.40219.1
Project("{FAE04EC0-301F-11D3-BF4B-00C04F79EFBC}") = "IPItoT4D", "IPItoT4D\IPItoT4D.csproj", "{3D4BABD3-046C-4531-9E6D-316A1B203014}"
EndProject
Global
	GlobalSection(SolutionConfigurationPlatforms) = preSolution
		Debug|Any CPU = Debug|Any CPU
		Release|Any CPU = Release|Any CPU
	EndGlobalSection
	GlobalSection(ProjectConfigurationPlatforms) = postSolution
		{3D4BABD3-046C-4531-9E6D-316A1B203014}.Debug|Any CPU.ActiveCfg = Debug|Any CPU
		{3D4BABD3-046C-4531-9E6D-316A1B203014}.Debug|Any CPU.Build.0 = Debug|Any CPU
		{3D4BABD3-046C-4531-9E6D-316A1B203014}.Release|Any CPU.ActiveCfg = Release|Any CPU
		{3D4BABD3-046C-4531-9E6D-316A1B203014}.Release|Any CPU.Build.0 = Release|Any CPU
	EndGlobalSection
	GlobalSection(SolutionProperties) = preSolution
		HideSolutionNode = FALSE
	EndGlobalSection
	GlobalSection(ExtensibilityGlobals) = postSolution
		SolutionGuid = {33191196-A1B7-49BB-8764-1AD12D29A987}
	EndGlobalSection
EndGlobal
